
Microsoft Visual Studio Solution File, Format Version 12.00
# Visual Studio 15
VisualStudioVersion = 15.0.28010.2046
MinimumVisualStudioVersion = 10.0.40219.1
Project("{FAE04EC0-301F-11D3-BF4B-00C04F79EFBC}") = "FloorFinderProg", "FloorFinderProg\FloorFinderProg.csproj", "{DE7FA069-A960-4F9E-980C-B9D70427387F}"
EndProject
Global
	GlobalSection(SolutionConfigurationPlatforms) = preSolution
		Debug|Any CPU = Debug|Any CPU
		Release|Any CPU = Release|Any CPU
	EndGlobalSection
	GlobalSection(ProjectConfigurationPlatforms) = postSolution
		{DE7FA069-A960-4F9E-980C-B9D70427387F}.Debug|Any CPU.ActiveCfg = Debug|Any CPU
		{DE7FA069-A960-4F9E-980C-B9D70427387F}.Debug|Any CPU.Build.0 = Debug|Any CPU
		{DE7FA069-A960-4F9E-980C-B9D70427387F}.Release|Any CPU.ActiveCfg = Release|Any CPU
		{DE7FA069-A960-4F9E-980C-B9D70427387F}.Release|Any CPU.Build.0 = Release|Any CPU
	EndGlobalSection
	GlobalSection(SolutionProperties) = preSolution
		HideSolutionNode = FALSE
	EndGlobalSection
	GlobalSection(ExtensibilityGlobals) = postSolution
		SolutionGuid = {93A80C08-26C8-451D-A19C-3C87831DB023}
	EndGlobalSection
EndGlobal
